
Microsoft Visual Studio Solution File, Format Version 12.00
# Visual Studio Version 17
VisualStudioVersion = 17.11.35327.3
MinimumVisualStudioVersion = 10.0.40219.1
Project("{FAE04EC0-301F-11D3-BF4B-00C04F79EFBC}") = "ImeraWA", "ImeraWA\ImeraWA.csproj", "{D8A1EDFE-A272-421E-B574-8AEFD88CBA61}"
EndProject
Global
	GlobalSection(SolutionConfigurationPlatforms) = preSolution
		Debug|Any CPU = Debug|Any CPU
		Release|Any CPU = Release|Any CPU
	EndGlobalSection
	GlobalSection(ProjectConfigurationPlatforms) = postSolution
		{D8A1EDFE-A272-421E-B574-8AEFD88CBA61}.Debug|Any CPU.ActiveCfg = Debug|Any CPU
		{D8A1EDFE-A272-421E-B574-8AEFD88CBA61}.Debug|Any CPU.Build.0 = Debug|Any CPU
		{D8A1EDFE-A272-421E-B574-8AEFD88CBA61}.Release|Any CPU.ActiveCfg = Release|Any CPU
		{D8A1EDFE-A272-421E-B574-8AEFD88CBA61}.Release|Any CPU.Build.0 = Release|Any CPU
	EndGlobalSection
	GlobalSection(SolutionProperties) = preSolution
		HideSolutionNode = FALSE
	EndGlobalSection
	GlobalSection(ExtensibilityGlobals) = postSolution
		SolutionGuid = {DD4EBB90-0630-45BD-8E2B-CFF9399C281B}
	EndGlobalSection
EndGlobal
